
Microsoft Visual Studio Solution File, Format Version 12.00
# Visual Studio Version 17
VisualStudioVersion = 17.3.32811.315
MinimumVisualStudioVersion = 10.0.40219.1
Project("{FAE04EC0-301F-11D3-BF4B-00C04F79EFBC}") = "TeamMember", "TeamMember\TeamMember.csproj", "{FBA37A7B-3BA2-4398-AD3A-6DA286D3DEE2}"
EndProject
Global
	GlobalSection(SolutionConfigurationPlatforms) = preSolution
		Debug|Any CPU = Debug|Any CPU
		Release|Any CPU = Release|Any CPU
	EndGlobalSection
	GlobalSection(ProjectConfigurationPlatforms) = postSolution
		{FBA37A7B-3BA2-4398-AD3A-6DA286D3DEE2}.Debug|Any CPU.ActiveCfg = Debug|Any CPU
		{FBA37A7B-3BA2-4398-AD3A-6DA286D3DEE2}.Debug|Any CPU.Build.0 = Debug|Any CPU
		{FBA37A7B-3BA2-4398-AD3A-6DA286D3DEE2}.Release|Any CPU.ActiveCfg = Release|Any CPU
		{FBA37A7B-3BA2-4398-AD3A-6DA286D3DEE2}.Release|Any CPU.Build.0 = Release|Any CPU
	EndGlobalSection
	GlobalSection(SolutionProperties) = preSolution
		HideSolutionNode = FALSE
	EndGlobalSection
	GlobalSection(ExtensibilityGlobals) = postSolution
		SolutionGuid = {F7E6CF5B-419B-438F-A7C7-78FFD291C88E}
	EndGlobalSection
EndGlobal
